<?xml version="1.0" encoding="utf-8"?>
<Project ToolsVersion="4.0" xmlns="http://schemas.microsoft.com/developer/msbuild/2003">
  <ItemGroup>
    <ClCompile Include="..\Classes\IceProjectile.cpp" />
    <ClCompile Include="..\Classes\ProjectileIceAttack.cpp" />
    <ClCompile Include="..\Classes\MeleeFireAttack.cpp" />
    <ClCompile Include="..\Classes\InputHandler.cpp" />
    <ClCompile Include="..\Classes\Vect2.cpp" />
    <ClCompile Include="..\Classes\XinputManager.cpp" />
    <ClCompile Include="..\Classes\Boss\General\Boss.cpp">
      <Filter>Boss\General</Filter>
    </ClCompile>
    <ClCompile Include="..\Classes\Boss\Attacks\Boss1Attack.cpp">
      <Filter>Boss\Attack Particles</Filter>
    </ClCompile>
    <ClCompile Include="..\Classes\Boss\Ability States\BossIdleState.cpp">
      <Filter>Boss\Ability States</Filter>
    </ClCompile>
    <ClCompile Include="..\Classes\Boss\Ability States\ExplosiveBullet.cpp">
      <Filter>Boss\Ability States</Filter>
    </ClCompile>
    <ClCompile Include="..\Classes\Boss\Attacks\ExplosiveBulletProjectile.cpp">
      <Filter>Boss\Attack Particles</Filter>
    </ClCompile>
    <ClCompile Include="..\Classes\Boss\Ability States\FirstBossState.cpp">
      <Filter>Boss\Ability States</Filter>
    </ClCompile>
    <ClCompile Include="..\Classes\Boss\Ability States\FlameSplit.cpp">
      <Filter>Boss\Ability States</Filter>
    </ClCompile>
    <ClCompile Include="..\Classes\Boss\Ability States\FlameThrower.cpp">
      <Filter>Boss\Ability States</Filter>
    </ClCompile>
    <ClCompile Include="..\Classes\Boss\Attacks\FlameThrowerProjectile.cpp">
      <Filter>Boss\Attack Particles</Filter>
    </ClCompile>
    <ClCompile Include="..\Classes\Boss\Attacks\LavaBallProjectile.cpp">
      <Filter>Boss\Attack Particles</Filter>
    </ClCompile>
    <ClCompile Include="..\Classes\AppDelegate.cpp">
      <Filter>Miscs</Filter>
    </ClCompile>
    <ClCompile Include="..\Classes\AttackingState.cpp">
      <Filter>Hero\States</Filter>
    </ClCompile>
    <ClCompile Include="..\Classes\Boss1Scene.cpp">
      <Filter>Scenes</Filter>
    </ClCompile>
    <ClCompile Include="..\Classes\ControlsMenu.cpp">
      <Filter>Menu</Filter>
    </ClCompile>
    <ClCompile Include="..\Classes\DeathScreen.cpp">
      <Filter>Menu</Filter>
    </ClCompile>
    <ClCompile Include="..\Classes\GameObject.cpp">
      <Filter>Miscs</Filter>
    </ClCompile>
    <ClCompile Include="..\Classes\GroundTile.cpp">
      <Filter>Environmental Objects</Filter>
    </ClCompile>
    <ClCompile Include="..\Classes\HelpBubble.cpp">
      <Filter>Environmental Objects</Filter>
    </ClCompile>
    <ClCompile Include="..\Classes\Platform.cpp">
      <Filter>Environmental Objects</Filter>
    </ClCompile>
    <ClCompile Include="..\Classes\PlatformTile.cpp">
      <Filter>Environmental Objects</Filter>
    </ClCompile>
    <ClCompile Include="..\Classes\Tutorial.cpp">
      <Filter>Scenes</Filter>
    </ClCompile>
    <ClCompile Include="..\Classes\Animation.cpp">
      <Filter>Back End</Filter>
    </ClCompile>
    <ClCompile Include="..\Classes\Boss\General\HitBox.cpp">
      <Filter>Back End</Filter>
    </ClCompile>
    <ClCompile Include="..\Classes\Boss\Ability States\RestingState.cpp">
      <Filter>Boss\Ability States</Filter>
    </ClCompile>
    <ClCompile Include="..\Classes\ControllerInput.cpp">
      <Filter>Back End</Filter>
    </ClCompile>
    <ClCompile Include="..\Classes\PauseMenu.cpp">
      <Filter>Menu</Filter>
    </ClCompile>
    <ClCompile Include="..\Classes\VictoryScreen.cpp">
      <Filter>Menu</Filter>
    </ClCompile>
    <ClCompile Include="..\Classes\myHelper.cpp">
      <Filter>Back End</Filter>
    </ClCompile>
    <ClCompile Include="..\Classes\MainMenu.cpp">
      <Filter>Menu</Filter>
    </ClCompile>
    <ClCompile Include="..\Classes\PrettyPictureScene.cpp">
      <Filter>Scenes</Filter>
    </ClCompile>
    <ClCompile Include="..\Classes\Hero.cpp">
      <Filter>Hero</Filter>
    </ClCompile>
    <ClCompile Include="..\Classes\HeroStateBase.cpp">
      <Filter>Hero\States</Filter>
    </ClCompile>
    <ClCompile Include="..\Classes\FallingState.cpp">
      <Filter>Hero\States</Filter>
    </ClCompile>
    <ClCompile Include="..\Classes\GrappleJumpState.cpp">
      <Filter>Hero\States</Filter>
    </ClCompile>
    <ClCompile Include="..\Classes\GrapplingState.cpp">
      <Filter>Hero\States</Filter>
    </ClCompile>
    <ClCompile Include="..\Classes\HeroStateManager.cpp">
      <Filter>Hero\States</Filter>
    </ClCompile>
    <ClCompile Include="..\Classes\HoldingPlatformState.cpp">
      <Filter>Hero\States</Filter>
    </ClCompile>
    <ClCompile Include="..\Classes\HeroAttackBase.cpp">
      <Filter>Hero\Generals</Filter>
    </ClCompile>
    <ClCompile Include="..\Classes\HeroAttackManager.cpp">
      <Filter>Hero\Generals</Filter>
    </ClCompile>
    <ClCompile Include="..\Classes\Grapple.cpp">
      <Filter>Hero\Generals</Filter>
    </ClCompile>
    <ClCompile Include="..\Classes\EmptyAttack.cpp">
      <Filter>Hero\Generals</Filter>
    </ClCompile>
    <ClCompile Include="..\Classes\IdleState.cpp">
      <Filter>Hero\States</Filter>
    </ClCompile>
    <ClCompile Include="..\Classes\TileBase.cpp">
      <Filter>Environmental Objects</Filter>
    </ClCompile>
    <ClCompile Include="main.cpp">
      <Filter>Miscs</Filter>
    </ClCompile>
    <ClCompile Include="..\Classes\JumpingState.cpp">
      <Filter>Hero\States</Filter>
    </ClCompile>
    <ClCompile Include="..\Classes\RunningState.cpp">
      <Filter>Hero\States</Filter>
    </ClCompile>
    <ClCompile Include="..\Classes\ShootingGrappleState.cpp">
      <Filter>Hero\States</Filter>
    </ClCompile>
    <ClCompile Include="..\Classes\SpikeTile.cpp">
      <Filter>Environmental Objects</Filter>
    </ClCompile>
    <ClCompile Include="..\Classes\Boss\Ability States\DeathState.cpp">
      <Filter>Boss\Ability States</Filter>
    </ClCompile>
    <ClCompile Include="..\Classes\InitialLoadScreen.cpp">
      <Filter>Scenes</Filter>
    </ClCompile>
    <ClCompile Include="..\Classes\DyingState.cpp">
      <Filter>Hero\States</Filter>
    </ClCompile>
  </ItemGroup>
  <ItemGroup>
    <ClInclude Include="..\Classes\IceProjectile.h" />
    <ClInclude Include="..\Classes\InputType.h" />
    <ClInclude Include="..\Classes\ProjectileIceAttack.h" />
    <ClInclude Include="..\Classes\MeleeFireAttack.h" />
    <ClInclude Include="..\Classes\InputHandler.h" />
    <ClInclude Include="..\Classes\Vect2.h" />
    <ClInclude Include="..\Classes\XinputManager.h" />
    <ClInclude Include="..\Classes\Boss\General\Boss.h">
      <Filter>Boss\General</Filter>
    </ClInclude>
    <ClInclude Include="..\Classes\Boss\Attacks\Boss1Attack.h">
      <Filter>Boss\Attack Particles</Filter>
    </ClInclude>
    <ClInclude Include="..\Classes\Boss\Ability States\BossIdleState.h">
      <Filter>Boss\Ability States</Filter>
    </ClInclude>
    <ClInclude Include="..\Classes\Boss\BossStates.h">
      <Filter>Boss</Filter>
    </ClInclude>
    <ClInclude Include="..\Classes\Boss\Ability States\ExplosiveBullet.h">
      <Filter>Boss\Ability States</Filter>
    </ClInclude>
    <ClInclude Include="..\Classes\Boss\Attacks\ExplosiveBulletProjectile.h">
      <Filter>Boss\Attack Particles</Filter>
    </ClInclude>
    <ClInclude Include="..\Classes\Boss\Ability States\FirstBossState.h">
      <Filter>Boss\Ability States</Filter>
    </ClInclude>
    <ClInclude Include="..\Classes\Boss\Ability States\FlameSplit.h">
      <Filter>Boss\Ability States</Filter>
    </ClInclude>
    <ClInclude Include="..\Classes\Boss\Ability States\FlameThrower.h">
      <Filter>Boss\Ability States</Filter>
    </ClInclude>
    <ClInclude Include="..\Classes\Boss\Attacks\FlameThrowerProjectile.h">
      <Filter>Boss\Attack Particles</Filter>
    </ClInclude>
    <ClInclude Include="..\Classes\Boss\Attacks\LavaBallProjectile.h">
      <Filter>Boss\Attack Particles</Filter>
    </ClInclude>
    <ClInclude Include="..\Classes\AppDelegate.h">
      <Filter>Miscs</Filter>
    </ClInclude>
    <ClInclude Include="..\Classes\AttackingState.h">
      <Filter>Hero\States</Filter>
    </ClInclude>
    <ClInclude Include="..\Classes\Boss1Scene.h">
      <Filter>Scenes</Filter>
    </ClInclude>
    <ClInclude Include="..\Classes\ControlsMenu.h">
      <Filter>Menu</Filter>
    </ClInclude>
    <ClInclude Include="..\Classes\DeathScreen.h">
      <Filter>Menu</Filter>
    </ClInclude>
    <ClInclude Include="..\Classes\GameObject.h">
      <Filter>Miscs</Filter>
    </ClInclude>
    <ClInclude Include="..\Classes\GroundTile.h">
      <Filter>Environmental Objects</Filter>
    </ClInclude>
    <ClInclude Include="..\Classes\HelpBubble.h">
      <Filter>Environmental Objects</Filter>
    </ClInclude>
    <ClInclude Include="..\Classes\Platform.h">
      <Filter>Environmental Objects</Filter>
    </ClInclude>
    <ClInclude Include="..\Classes\PlatformTile.h">
      <Filter>Environmental Objects</Filter>
    </ClInclude>
    <ClInclude Include="..\Classes\Tutorial.h">
      <Filter>Scenes</Filter>
    </ClInclude>
    <ClInclude Include="..\Classes\Animation.h">
      <Filter>Back End</Filter>
    </ClInclude>
    <ClInclude Include="..\Classes\Boss\General\HitBox.h">
      <Filter>Back End</Filter>
    </ClInclude>
    <ClInclude Include="..\Classes\Boss\Ability States\RestingState.h">
      <Filter>Boss\Ability States</Filter>
    </ClInclude>
    <ClInclude Include="..\Classes\ControllerInput.h">
      <Filter>Back End</Filter>
    </ClInclude>
    <ClInclude Include="..\Classes\PauseMenu.h">
      <Filter>Menu</Filter>
    </ClInclude>
    <ClInclude Include="..\Classes\VictoryScreen.h">
      <Filter>Menu</Filter>
    </ClInclude>
    <ClInclude Include="..\Classes\myHelper.h">
      <Filter>Back End</Filter>
    </ClInclude>
    <ClInclude Include="..\Classes\MainMenu.h">
      <Filter>Menu</Filter>
    </ClInclude>
    <ClInclude Include="..\Classes\PrettyPictureScene.h">
      <Filter>Scenes</Filter>
    </ClInclude>
    <ClInclude Include="..\Classes\Hero.h">
      <Filter>Hero</Filter>
    </ClInclude>
    <ClInclude Include="..\Classes\HeroStateBase.h">
      <Filter>Hero\States</Filter>
    </ClInclude>
    <ClInclude Include="..\Classes\FallingState.h">
      <Filter>Hero\States</Filter>
    </ClInclude>
    <ClInclude Include="..\Classes\GrappleJumpState.h">
      <Filter>Hero\States</Filter>
    </ClInclude>
    <ClInclude Include="..\Classes\GrapplingState.h">
      <Filter>Hero\States</Filter>
    </ClInclude>
    <ClInclude Include="..\Classes\HeroStateManager.h">
      <Filter>Hero\States</Filter>
    </ClInclude>
    <ClInclude Include="..\Classes\HoldingPlatformState.h">
      <Filter>Hero\States</Filter>
    </ClInclude>
    <ClInclude Include="..\Classes\HeroAttackManager.h">
      <Filter>Hero\Generals</Filter>
    </ClInclude>
    <ClInclude Include="..\Classes\HeroAttackBase.h">
      <Filter>Hero\Generals</Filter>
    </ClInclude>
    <ClInclude Include="..\Classes\Grapple.h">
      <Filter>Hero\Generals</Filter>
    </ClInclude>
    <ClInclude Include="..\Classes\EmptyAttack.h">
      <Filter>Hero\Generals</Filter>
    </ClInclude>
    <ClInclude Include="..\Classes\IdleState.h">
      <Filter>Hero\States</Filter>
    </ClInclude>
    <ClInclude Include="..\Classes\TileBase.h">
      <Filter>Environmental Objects</Filter>
    </ClInclude>
    <ClInclude Include="main.h">
      <Filter>Miscs</Filter>
    </ClInclude>
    <ClInclude Include="..\Classes\JumpingState.h">
      <Filter>Hero\States</Filter>
    </ClInclude>
    <ClInclude Include="..\Classes\ShootingGrappleState.h">
      <Filter>Hero\States</Filter>
    </ClInclude>
    <ClInclude Include="..\Classes\RunningState.h">
      <Filter>Hero\States</Filter>
    </ClInclude>
    <ClInclude Include="..\Classes\Boss\Attacks\Projectiles.h">
      <Filter>Boss</Filter>
    </ClInclude>
    <ClInclude Include="..\Classes\SpikeTile.h">
      <Filter>Environmental Objects</Filter>
    </ClInclude>
    <ClInclude Include="..\Classes\Boss\Ability States\DeathState.h">
      <Filter>Boss\Ability States</Filter>
    </ClInclude>
    <ClInclude Include="..\Classes\InitialLoadScreen.h">
      <Filter>Scenes</Filter>
    </ClInclude>
    <ClInclude Include="..\Classes\DyingState.h">
      <Filter>Hero\States</Filter>
    </ClInclude>
  </ItemGroup>
  <ItemGroup>
    <Filter Include="Boss">
      <UniqueIdentifier>{7a338128-f83d-4e9c-849c-c639b4eac615}</UniqueIdentifier>
    </Filter>
    <Filter Include="Boss\Ability States">
      <UniqueIdentifier>{9b660529-f0d6-41b4-836b-042a1f7836da}</UniqueIdentifier>
    </Filter>
    <Filter Include="Boss\General">
      <UniqueIdentifier>{67183a11-5bd8-4a06-b651-a39f657130b2}</UniqueIdentifier>
    </Filter>
    <Filter Include="Boss\Attack Particles">
      <UniqueIdentifier>{96b1a204-0d8e-46b6-809e-631f24a7394d}</UniqueIdentifier>
    </Filter>
    <Filter Include="Hero">
      <UniqueIdentifier>{5ce4535d-6d63-48c2-849e-fcad825dd0bc}</UniqueIdentifier>
    </Filter>
    <Filter Include="Hero\Generals">
      <UniqueIdentifier>{59a75091-0ce7-4480-889d-ccefa9610c64}</UniqueIdentifier>
    </Filter>
    <Filter Include="Hero\States">
      <UniqueIdentifier>{3c4d4510-45d7-46c4-815c-0f6c78a86282}</UniqueIdentifier>
    </Filter>
    <Filter Include="Scenes">
      <UniqueIdentifier>{07d63e5e-542f-4344-8170-1a2663924724}</UniqueIdentifier>
    </Filter>
    <Filter Include="Menu">
      <UniqueIdentifier>{57837dfd-5784-4854-a7cc-4ac53bc3134f}</UniqueIdentifier>
    </Filter>
    <Filter Include="Environmental Objects">
      <UniqueIdentifier>{88c60b1e-4811-4d35-8019-30b0f8ad9de0}</UniqueIdentifier>
    </Filter>
    <Filter Include="Miscs">
      <UniqueIdentifier>{accd329a-27d1-4008-b335-db4203713079}</UniqueIdentifier>
    </Filter>
    <Filter Include="Back End">
      <UniqueIdentifier>{c6305cb7-594b-4f1b-b70b-9b5bf7917206}</UniqueIdentifier>
    </Filter>
    <Filter Include="resources">
      <UniqueIdentifier>{a61b49d3-8846-44e5-a3ba-26b118425c91}</UniqueIdentifier>
    </Filter>
  </ItemGroup>
  <ItemGroup>
    <ResourceCompile Include="game.rc">
      <Filter>resources</Filter>
    </ResourceCompile>
  </ItemGroup>
</Project>