<?xml version="1.0" encoding="utf-8"?>
<Project ToolsVersion="4.0" xmlns="http://schemas.microsoft.com/developer/msbuild/2003">
  <ItemGroup>
    <Filter Include="win32">
      <UniqueIdentifier>{84a8ebd7-7cf0-47f6-b75e-d441df67da40}</UniqueIdentifier>
    </Filter>
    <Filter Include="resource">
      <UniqueIdentifier>{715254bc-d70b-4ec5-bf29-467dd3ace079}</UniqueIdentifier>
    </Filter>
    <Filter Include="src">
      <UniqueIdentifier>{bb6c862e-70e9-49d9-81b7-3829a6f50471}</UniqueIdentifier>
    </Filter>
    <Filter Include="src\HeroStuff">
      <UniqueIdentifier>{333ba38c-0310-466e-ae1a-a9e9a7f5c8a8}</UniqueIdentifier>
    </Filter>
  </ItemGroup>
  <ItemGroup>
    <ClCompile Include="main.cpp">
      <Filter>win32</Filter>
    </ClCompile>
    <ClCompile Include="..\Classes\AppDelegate.cpp">
      <Filter>src</Filter>
    </ClCompile>
    <ClCompile Include="..\Classes\GameObject.cpp">
      <Filter>src</Filter>
    </ClCompile>
    <ClCompile Include="..\Classes\Gameplay.cpp">
      <Filter>src</Filter>
    </ClCompile>
    <ClCompile Include="..\Classes\Grapple.cpp">
      <Filter>src</Filter>
    </ClCompile>
    <ClCompile Include="..\Classes\InputHandler.cpp">
      <Filter>src</Filter>
    </ClCompile>
    <ClCompile Include="..\Classes\myHelper.cpp">
      <Filter>src</Filter>
    </ClCompile>
    <ClCompile Include="..\Classes\Platform.cpp">
      <Filter>src</Filter>
    </ClCompile>
    <ClCompile Include="..\Classes\Vect2.cpp">
      <Filter>src</Filter>
    </ClCompile>
    <ClCompile Include="..\Classes\Hero.cpp">
      <Filter>src\HeroStuff</Filter>
    </ClCompile>
    <ClCompile Include="..\Classes\HeroAttack.cpp">
      <Filter>src\HeroStuff</Filter>
    </ClCompile>
    <ClCompile Include="..\Classes\MeleeFireAttack.cpp">
      <Filter>src\HeroStuff</Filter>
    </ClCompile>
    <ClCompile Include="..\Classes\EmptyAttack.cpp">
      <Filter>src\HeroStuff</Filter>
    </ClCompile>
    <ClCompile Include="..\Classes\HeroAttackState.cpp">
      <Filter>src\HeroStuff</Filter>
    </ClCompile>
  </ItemGroup>
  <ItemGroup>
    <ClInclude Include="main.h">
      <Filter>win32</Filter>
    </ClInclude>
    <ClInclude Include="..\Classes\AppDelegate.h">
      <Filter>src</Filter>
    </ClInclude>
    <ClInclude Include="..\Classes\GameObject.h">
      <Filter>src</Filter>
    </ClInclude>
    <ClInclude Include="..\Classes\Gameplay.h">
      <Filter>src</Filter>
    </ClInclude>
    <ClInclude Include="..\Classes\Grapple.h">
      <Filter>src</Filter>
    </ClInclude>
    <ClInclude Include="..\Classes\InputHandler.h">
      <Filter>src</Filter>
    </ClInclude>
    <ClInclude Include="..\Classes\myHelper.h">
      <Filter>src</Filter>
    </ClInclude>
    <ClInclude Include="..\Classes\Platform.h">
      <Filter>src</Filter>
    </ClInclude>
    <ClInclude Include="..\Classes\Vect2.h">
      <Filter>src</Filter>
    </ClInclude>
    <ClInclude Include="..\Classes\Hero.h">
      <Filter>src\HeroStuff</Filter>
    </ClInclude>
    <ClInclude Include="..\Classes\HeroAttack.h">
      <Filter>src\HeroStuff</Filter>
    </ClInclude>
    <ClInclude Include="..\Classes\MeleeFireAttack.h">
      <Filter>src\HeroStuff</Filter>
    </ClInclude>
    <ClInclude Include="..\Classes\EmptyAttack.h">
      <Filter>src\HeroStuff</Filter>
    </ClInclude>
    <ClInclude Include="..\Classes\HeroAttackState.h">
      <Filter>src\HeroStuff</Filter>
    </ClInclude>
  </ItemGroup>
  <ItemGroup>
    <ResourceCompile Include="game.rc">
      <Filter>resource</Filter>
    </ResourceCompile>
  </ItemGroup>
</Project>