<?xml version="1.0" encoding="utf-8"?>
<Project ToolsVersion="4.0" xmlns="http://schemas.microsoft.com/developer/msbuild/2003">
  <ItemGroup>
    <ClCompile Include="..\Classes\Animation.cpp" />
    <ClCompile Include="..\Classes\AppDelegate.cpp" />
    <ClCompile Include="..\Classes\Boss\Boss.cpp" />
    <ClCompile Include="..\Classes\Boss\Boss1Attack.cpp" />
    <ClCompile Include="..\Classes\Boss\BossIdleState.cpp" />
    <ClCompile Include="..\Classes\Boss\FirstBossState.cpp" />
    <ClCompile Include="..\Classes\Boss\FlameSplit.cpp" />
    <ClCompile Include="..\Classes\Boss\FlameThrower.cpp" />
    <ClCompile Include="..\Classes\Boss\HitBox.cpp" />
    <ClCompile Include="..\Classes\ControlsMenu.cpp" />
    <ClCompile Include="..\Classes\DeathScreen.cpp" />
    <ClCompile Include="..\Classes\EmptyAttack.cpp" />
    <ClCompile Include="..\Classes\GroundTile.cpp" />
    <ClCompile Include="..\Classes\HelpBubble.cpp" />
    <ClCompile Include="..\Classes\IceProjectile.cpp" />
    <ClCompile Include="..\Classes\MainMenu.cpp" />
    <ClCompile Include="..\Classes\PauseMenu.cpp" />
    <ClCompile Include="..\Classes\PlatformTile.cpp" />
    <ClCompile Include="..\Classes\PrettyPictureScene.cpp" />
    <ClCompile Include="..\Classes\ProjectileIceAttack.cpp" />
    <ClCompile Include="..\Classes\MeleeFireAttack.cpp" />
    <ClCompile Include="..\Classes\GameObject.cpp" />
    <ClCompile Include="..\Classes\Gameplay.cpp" />
    <ClCompile Include="..\Classes\Grapple.cpp" />
    <ClCompile Include="..\Classes\Hero.cpp" />
    <ClCompile Include="..\Classes\HeroAttackBase.cpp" />
    <ClCompile Include="..\Classes\HeroAttackManager.cpp" />
    <ClCompile Include="..\Classes\InputHandler.cpp" />
    <ClCompile Include="..\Classes\myHelper.cpp" />
    <ClCompile Include="..\Classes\Platform.cpp" />
    <ClCompile Include="..\Classes\TileBase.cpp" />
    <ClCompile Include="..\Classes\Tutorial.cpp" />
    <ClCompile Include="..\Classes\Vect2.cpp" />
    <ClCompile Include="..\Classes\VictoryScreen.cpp" />
    <ClCompile Include="..\Classes\XinputManager.cpp" />
    <ClCompile Include="main.cpp" />
    <ClCompile Include="..\Classes\AttackingState.cpp">
      <Filter>states</Filter>
    </ClCompile>
    <ClCompile Include="..\Classes\FallingState.cpp">
      <Filter>states</Filter>
    </ClCompile>
    <ClCompile Include="..\Classes\GrappleJumpState.cpp">
      <Filter>states</Filter>
    </ClCompile>
    <ClCompile Include="..\Classes\GrapplingState.cpp">
      <Filter>states</Filter>
    </ClCompile>
    <ClCompile Include="..\Classes\HeroStateBase.cpp">
      <Filter>states</Filter>
    </ClCompile>
    <ClCompile Include="..\Classes\HeroStateManager.cpp">
      <Filter>states</Filter>
    </ClCompile>
    <ClCompile Include="..\Classes\HoldingPlatformState.cpp">
      <Filter>states</Filter>
    </ClCompile>
    <ClCompile Include="..\Classes\IdleState.cpp">
      <Filter>states</Filter>
    </ClCompile>
    <ClCompile Include="..\Classes\JumpingState.cpp">
      <Filter>states</Filter>
    </ClCompile>
    <ClCompile Include="..\Classes\RunningState.cpp">
      <Filter>states</Filter>
    </ClCompile>
    <ClCompile Include="..\Classes\ShootingGrappleState.cpp">
      <Filter>states</Filter>
    </ClCompile>
    <ClCompile Include="..\Classes\ControllerInput.cpp" />
  </ItemGroup>
  <ItemGroup>
    <ClInclude Include="..\Classes\Animation.h" />
    <ClInclude Include="..\Classes\AppDelegate.h" />
    <ClInclude Include="..\Classes\Boss\Boss.h" />
    <ClInclude Include="..\Classes\Boss\Boss1Attack.h" />
    <ClInclude Include="..\Classes\Boss\BossIdleState.h" />
    <ClInclude Include="..\Classes\Boss\FirstBossState.h" />
    <ClInclude Include="..\Classes\Boss\FlameSplit.h" />
    <ClInclude Include="..\Classes\Boss\FlameThrower.h" />
    <ClInclude Include="..\Classes\Boss\HitBox.h" />
    <ClInclude Include="..\Classes\ControlsMenu.h" />
    <ClInclude Include="..\Classes\DeathScreen.h" />
    <ClInclude Include="..\Classes\EmptyAttack.h" />
    <ClInclude Include="..\Classes\GroundTile.h" />
    <ClInclude Include="..\Classes\HelpBubble.h" />
    <ClInclude Include="..\Classes\IceProjectile.h" />
    <ClInclude Include="..\Classes\InputType.h" />
    <ClInclude Include="..\Classes\MainMenu.h" />
    <ClInclude Include="..\Classes\PauseMenu.h" />
    <ClInclude Include="..\Classes\PlatformTile.h" />
    <ClInclude Include="..\Classes\PrettyPictureScene.h" />
    <ClInclude Include="..\Classes\ProjectileIceAttack.h" />
    <ClInclude Include="..\Classes\MeleeFireAttack.h" />
    <ClInclude Include="..\Classes\GameObject.h" />
    <ClInclude Include="..\Classes\Gameplay.h" />
    <ClInclude Include="..\Classes\Grapple.h" />
    <ClInclude Include="..\Classes\Hero.h" />
    <ClInclude Include="..\Classes\HeroAttackBase.h" />
    <ClInclude Include="..\Classes\HeroAttackManager.h" />
    <ClInclude Include="..\Classes\InputHandler.h" />
    <ClInclude Include="..\Classes\myHelper.h" />
    <ClInclude Include="..\Classes\Platform.h" />
    <ClInclude Include="..\Classes\TileBase.h" />
    <ClInclude Include="..\Classes\Tutorial.h" />
    <ClInclude Include="..\Classes\Vect2.h" />
    <ClInclude Include="..\Classes\VictoryScreen.h" />
    <ClInclude Include="..\Classes\XinputManager.h" />
    <ClInclude Include="main.h" />
    <ClInclude Include="..\Classes\ControllerInput.h" />
    <ClInclude Include="..\Classes\AttackingState.h">
      <Filter>states</Filter>
    </ClInclude>
    <ClInclude Include="..\Classes\FallingState.h">
      <Filter>states</Filter>
    </ClInclude>
    <ClInclude Include="..\Classes\GrappleJumpState.h">
      <Filter>states</Filter>
    </ClInclude>
    <ClInclude Include="..\Classes\GrapplingState.h">
      <Filter>states</Filter>
    </ClInclude>
    <ClInclude Include="..\Classes\HeroStateBase.h">
      <Filter>states</Filter>
    </ClInclude>
    <ClInclude Include="..\Classes\HeroStateManager.h">
      <Filter>states</Filter>
    </ClInclude>
    <ClInclude Include="..\Classes\HoldingPlatformState.h">
      <Filter>states</Filter>
    </ClInclude>
    <ClInclude Include="..\Classes\IdleState.h">
      <Filter>states</Filter>
    </ClInclude>
    <ClInclude Include="..\Classes\JumpingState.h">
      <Filter>states</Filter>
    </ClInclude>
    <ClInclude Include="..\Classes\RunningState.h">
      <Filter>states</Filter>
    </ClInclude>
    <ClInclude Include="..\Classes\ShootingGrappleState.h">
      <Filter>states</Filter>
    </ClInclude>
  </ItemGroup>
  <ItemGroup>
    <ResourceCompile Include="game.rc" />
  </ItemGroup>
  <ItemGroup>
    <Filter Include="states">
      <UniqueIdentifier>{ed12288c-b12d-47a5-85d3-1c2c1816b491}</UniqueIdentifier>
    </Filter>
  </ItemGroup>
</Project>